<?xml version="1.0" encoding="utf-8"?>
<Project ToolsVersion="4.0" xmlns="http://schemas.microsoft.com/developer/msbuild/2003">
  <ItemGroup>
    <Filter Include="Resource Files">
      <UniqueIdentifier>{67DA6AB6-F800-4c08-8B7A-83BB121AAD01}</UniqueIdentifier>
      <Extensions>rc;ico;cur;bmp;dlg;rc2;rct;bin;rgs;gif;jpg;jpeg;jpe;resx;tiff;tif;png;wav;mfcribbon-ms</Extensions>
    </Filter>
    <Filter Include="Game">
      <UniqueIdentifier>{c21f97ee-8860-4696-90ca-a18bbd71f4b4}</UniqueIdentifier>
    </Filter>
    <Filter Include="Enemies">
      <UniqueIdentifier>{7039fe90-4f5d-4a95-8657-57e085e59aa1}</UniqueIdentifier>
    </Filter>
    <Filter Include="Game\Source Files">
      <UniqueIdentifier>{4FC737F1-C7A5-4376-A066-2A32D752A2FF}</UniqueIdentifier>
      <Extensions>cpp;c;cc;cxx;c++;cppm;ixx;def;odl;idl;hpj;bat;asm;asmx</Extensions>
    </Filter>
    <Filter Include="Game\Header Files">
      <UniqueIdentifier>{93995380-89BD-4b04-88EB-625FBE52EBFB}</UniqueIdentifier>
      <Extensions>h;hh;hpp;hxx;h++;hm;inl;inc;ipp;xsd</Extensions>
    </Filter>
  </ItemGroup>
  <ItemGroup>
    <ClCompile Include="main.cpp">
      <Filter>Game\Source Files</Filter>
    </ClCompile>
    <ClCompile Include="pch.cpp">
      <Filter>Game\Source Files</Filter>
    </ClCompile>
    <ClCompile Include="Avatar.cpp">
      <Filter>Game\Source Files</Filter>
    </ClCompile>
    <ClCompile Include="Camera.cpp">
      <Filter>Game\Source Files</Filter>
    </ClCompile>
    <ClCompile Include="Blast.cpp">
      <Filter>Game\Source Files</Filter>
    </ClCompile>
    <ClCompile Include="GameObject.cpp">
      <Filter>Game\Source Files</Filter>
    </ClCompile>
    <ClCompile Include="Projectile.cpp">
      <Filter>Game\Source Files</Filter>
    </ClCompile>
    <ClCompile Include="Pillar.cpp">
      <Filter>Game\Source Files</Filter>
    </ClCompile>
    <ClCompile Include="PickUp.cpp">
      <Filter>Game\Source Files</Filter>
    </ClCompile>
    <ClCompile Include="Game.cpp">
      <Filter>Game</Filter>
    </ClCompile>
    <ClCompile Include="Enemy.cpp">
      <Filter>Enemies</Filter>
    </ClCompile>
    <ClCompile Include="FloatingBlob.cpp">
      <Filter>Enemies</Filter>
    </ClCompile>
    <ClCompile Include="FloatingEyeball.cpp">
      <Filter>Enemies</Filter>
    </ClCompile>
    <ClCompile Include="Level.cpp">
      <Filter>Game</Filter>
    </ClCompile>
    <ClCompile Include="HUD.cpp">
      <Filter>Game\Source Files</Filter>
    </ClCompile>
    <ClCompile Include="SoundManager.cpp">
      <Filter>Game\Source Files</Filter>
    </ClCompile>
    <ClCompile Include="PowerUpManager.cpp">
      <Filter>Game\Source Files</Filter>
    </ClCompile>
    <ClCompile Include="Skeleton.cpp">
      <Filter>Enemies</Filter>
    </ClCompile>
    <ClCompile Include="Flame.cpp">
      <Filter>Game\Source Files</Filter>
    </ClCompile>
    <ClCompile Include="Plant.cpp">
      <Filter>Enemies</Filter>
    </ClCompile>
    <ClCompile Include="Boss.cpp">
      <Filter>Enemies</Filter>
    </ClCompile>
  </ItemGroup>
  <ItemGroup>
    <ClInclude Include="pch.h">
      <Filter>Game\Header Files</Filter>
    </ClInclude>
    <ClInclude Include="Avatar.h">
      <Filter>Game\Header Files</Filter>
    </ClInclude>
    <ClInclude Include="Camera.h">
      <Filter>Game\Header Files</Filter>
    </ClInclude>
    <ClInclude Include="Blast.h">
      <Filter>Game\Header Files</Filter>
    </ClInclude>
    <ClInclude Include="GameObject.h">
      <Filter>Game\Header Files</Filter>
    </ClInclude>
    <ClInclude Include="Projectile.h">
      <Filter>Game\Header Files</Filter>
    </ClInclude>
    <ClInclude Include="Pillar.h">
      <Filter>Game\Header Files</Filter>
    </ClInclude>
    <ClInclude Include="PickUp.h">
      <Filter>Game\Header Files</Filter>
    </ClInclude>
    <ClInclude Include="Game.h">
      <Filter>Game</Filter>
    </ClInclude>
    <ClInclude Include="Enemy.h">
      <Filter>Enemies</Filter>
    </ClInclude>
    <ClInclude Include="FloatingBlob.h">
      <Filter>Enemies</Filter>
    </ClInclude>
    <ClInclude Include="FloatingEyeball.h">
      <Filter>Enemies</Filter>
    </ClInclude>
    <ClInclude Include="Level.h">
      <Filter>Game</Filter>
    </ClInclude>
    <ClInclude Include="HUD.h">
      <Filter>Game\Header Files</Filter>
    </ClInclude>
    <ClInclude Include="SoundManager.h">
      <Filter>Game\Header Files</Filter>
    </ClInclude>
    <ClInclude Include="PowerUpManager.h">
      <Filter>Game\Header Files</Filter>
    </ClInclude>
    <ClInclude Include="WeaponTypeEnum.h">
      <Filter>Game\Header Files</Filter>
    </ClInclude>
    <ClInclude Include="PowerUpTypeEnum.h">
      <Filter>Game\Header Files</Filter>
    </ClInclude>
    <ClInclude Include="Skeleton.h">
      <Filter>Enemies</Filter>
    </ClInclude>
    <ClInclude Include="Flame.h">
      <Filter>Game\Header Files</Filter>
    </ClInclude>
    <ClInclude Include="Plant.h">
      <Filter>Enemies</Filter>
    </ClInclude>
    <ClInclude Include="Boss.h">
      <Filter>Enemies</Filter>
    </ClInclude>
  </ItemGroup>
</Project>